{
  "lockfile-version": 1,
  "manifest": {
    "version": 1,
    "install": {
      "go": {
        "pkg-path": "go"
      },
      "moon": {
        "pkg-path": "moon"
      },
      "nodejs_24": {
        "pkg-path": "nodejs_24"
      },
      "pnpm": {
        "pkg-path": "pnpm"
      }
    },
    "hook": {},
    "profile": {},
    "options": {
      "systems": [
        "aarch64-darwin",
        "aarch64-linux",
        "x86_64-darwin",
        "x86_64-linux"
      ]
    }
  },
  "packages": [
    {
      "attr_path": "go",
      "broken": false,
      "derivation": "/nix/store/h19kjqi10ynjk0i6scllhv82gx45p58w-go-1.25.5.drv",
      "description": "Go Programming language",
      "install_id": "go",
      "license": "BSD-3-Clause",
      "locked_url": "https://github.com/flox/nixpkgs?rev=c5296fdd05cfa2c187990dd909864da9658df755",
      "name": "go-1.25.5",
      "pname": "go",
      "rev": "c5296fdd05cfa2c187990dd909864da9658df755",
      "rev_count": 933481,
      "rev_date": "2026-01-23T12:18:02Z",
      "scrape_date": "2026-01-26T04:35:13.563455Z",
      "stabilities": [
        "unstable"
      ],
      "unfree": false,
      "version": "1.25.5",
      "outputs_to_install": [
        "out"
      ],
      "outputs": {
        "out": "/nix/store/wh88zz6r1ihcp2mm7ys1f2anp8aga6n2-go-1.25.5"
      },
      "system": "aarch64-darwin",
      "group": "toplevel",
      "priority": 5
    },
    {
      "attr_path": "go",
      "broken": false,
      "derivation": "/nix/store/32f3plvjz6apyxgi010l0c0ngqydzbyj-go-1.25.5.drv",
      "description": "Go Programming language",
      "install_id": "go",
      "license": "BSD-3-Clause",
      "locked_url": "https://github.com/flox/nixpkgs?rev=c5296fdd05cfa2c187990dd909864da9658df755",
      "name": "go-1.25.5",
      "pname": "go",
      "rev": "c5296fdd05cfa2c187990dd909864da9658df755",
      "rev_count": 933481,
      "rev_date": "2026-01-23T12:18:02Z",
      "scrape_date": "2026-01-26T05:16:59.460254Z",
      "stabilities": [
        "unstable"
      ],
      "unfree": false,
      "version": "1.25.5",
      "outputs_to_install": [
        "out"
      ],
      "outputs": {
        "out": "/nix/store/k3knzdi0v21bf2m7vcxpdy1jnqg1h0zk-go-1.25.5"
      },
      "system": "aarch64-linux",
      "group": "toplevel",
      "priority": 5
    },
    {
      "attr_path": "go",
      "broken": false,
      "derivation": "/nix/store/5m70w19x64mr74nzlmlmv2mia2k6mykd-go-1.25.5.drv",
      "description": "Go Programming language",
      "install_id": "go",
      "license": "BSD-3-Clause",
      "locked_url": "https://github.com/flox/nixpkgs?rev=c5296fdd05cfa2c187990dd909864da9658df755",
      "name": "go-1.25.5",
      "pname": "go",
      "rev": "c5296fdd05cfa2c187990dd909864da9658df755",
      "rev_count": 933481,
      "rev_date": "2026-01-23T12:18:02Z",
      "scrape_date": "2026-01-26T05:56:07.260633Z",
      "stabilities": [
        "unstable"
      ],
      "unfree": false,
      "version": "1.25.5",
      "outputs_to_install": [
        "out"
      ],
      "outputs": {
        "out": "/nix/store/bwdahzajhqd5x14dbvkqww5f1wpsxif3-go-1.25.5"
      },
      "system": "x86_64-darwin",
      "group": "toplevel",
      "priority": 5
    },
    {
      "attr_path": "go",
      "broken": false,
      "derivation": "/nix/store/3xvlqyw28f7hk7qmk3f18pzi6c7ymzy8-go-1.25.5.drv",
      "description": "Go Programming language",
      "install_id": "go",
      "license": "BSD-3-Clause",
      "locked_url": "https://github.com/flox/nixpkgs?rev=c5296fdd05cfa2c187990dd909864da9658df755",
      "name": "go-1.25.5",
      "pname": "go",
      "rev": "c5296fdd05cfa2c187990dd909864da9658df755",
      "rev_count": 933481,
      "rev_date": "2026-01-23T12:18:02Z",
      "scrape_date": "2026-01-26T06:51:09.344245Z",
      "stabilities": [
        "unstable"
      ],
      "unfree": false,
      "version": "1.25.5",
      "outputs_to_install": [
        "out"
      ],
      "outputs": {
        "out": "/nix/store/zzvsjgylnphvhms3lgr2qlwdxmc68z66-go-1.25.5"
      },
      "system": "x86_64-linux",
      "group": "toplevel",
      "priority": 5
    },
    {
      "attr_path": "moon",
      "broken": false,
      "derivation": "/nix/store/v9pmppm0z05sb5bvips98hjn1ja3c1z8-moon-1.41.8.drv",
      "description": "Task runner and repo management tool for the web ecosystem, written in Rust",
      "install_id": "moon",
      "license": "MIT",
      "locked_url": "https://github.com/flox/nixpkgs?rev=c5296fdd05cfa2c187990dd909864da9658df755",
      "name": "moon-1.41.8",
      "pname": "moon",
      "rev": "c5296fdd05cfa2c187990dd909864da9658df755",
      "rev_count": 933481,
      "rev_date": "2026-01-23T12:18:02Z",
      "scrape_date": "2026-01-26T04:35:35.236920Z",
      "stabilities": [
        "unstable"
      ],
      "unfree": false,
      "version": "1.41.8",
      "outputs_to_install": [
        "out"
      ],
      "outputs": {
        "out": "/nix/store/58c4b426hh42i410f2x148df9agzcz5c-moon-1.41.8"
      },
      "system": "aarch64-darwin",
      "group": "toplevel",
      "priority": 5
    },
    {
      "attr_path": "moon",
      "broken": false,
      "derivation": "/nix/store/kq2q6fniawck7p1lhh0vyh5jcg9rq387-moon-1.41.8.drv",
      "description": "Task runner and repo management tool for the web ecosystem, written in Rust",
      "install_id": "moon",
      "license": "MIT",
      "locked_url": "https://github.com/flox/nixpkgs?rev=c5296fdd05cfa2c187990dd909864da9658df755",
      "name": "moon-1.41.8",
      "pname": "moon",
      "rev": "c5296fdd05cfa2c187990dd909864da9658df755",
      "rev_count": 933481,
      "rev_date": "2026-01-23T12:18:02Z",
      "scrape_date": "2026-01-26T05:17:31.214867Z",
      "stabilities": [
        "unstable"
      ],
      "unfree": false,
      "version": "1.41.8",
      "outputs_to_install": [
        "out"
      ],
      "outputs": {
        "out": "/nix/store/f2s1yihqc3wvsrnskzgrjybrfcs3i23j-moon-1.41.8"
      },
      "system": "aarch64-linux",
      "group": "toplevel",
      "priority": 5
    },
    {
      "attr_path": "moon",
      "broken": false,
      "derivation": "/nix/store/sq8iy6h9vxbhpbxxsjvffiifbddimp8m-moon-1.41.8.drv",
      "description": "Task runner and repo management tool for the web ecosystem, written in Rust",
      "install_id": "moon",
      "license": "MIT",
      "locked_url": "https://github.com/flox/nixpkgs?rev=c5296fdd05cfa2c187990dd909864da9658df755",
      "name": "moon-1.41.8",
      "pname": "moon",
      "rev": "c5296fdd05cfa2c187990dd909864da9658df755",
      "rev_count": 933481,
      "rev_date": "2026-01-23T12:18:02Z",
      "scrape_date": "2026-01-26T05:56:27.430043Z",
      "stabilities": [
        "unstable"
      ],
      "unfree": false,
      "version": "1.41.8",
      "outputs_to_install": [
        "out"
      ],
      "outputs": {
        "out": "/nix/store/bkvw6d2h0pm3xvbwyqbq74wdypaanc9n-moon-1.41.8"
      },
      "system": "x86_64-darwin",
      "group": "toplevel",
      "priority": 5
    },
    {
      "attr_path": "moon",
      "broken": false,
      "derivation": "/nix/store/4mpyvy47261klj7w4nda2lz0cif0h37f-moon-1.41.8.drv",
      "description": "Task runner and repo management tool for the web ecosystem, written in Rust",
      "install_id": "moon",
      "license": "MIT",
      "locked_url": "https://github.com/flox/nixpkgs?rev=c5296fdd05cfa2c187990dd909864da9658df755",
      "name": "moon-1.41.8",
      "pname": "moon",
      "rev": "c5296fdd05cfa2c187990dd909864da9658df755",
      "rev_count": 933481,
      "rev_date": "2026-01-23T12:18:02Z",
      "scrape_date": "2026-01-26T06:51:43.632983Z",
      "stabilities": [
        "unstable"
      ],
      "unfree": false,
      "version": "1.41.8",
      "outputs_to_install": [
        "out"
      ],
      "outputs": {
        "out": "/nix/store/cv27mki246d62358b6agdsfgi5hararn-moon-1.41.8"
      },
      "system": "x86_64-linux",
      "group": "toplevel",
      "priority": 5
    },
    {
      "attr_path": "nodejs_24",
      "broken": false,
      "derivation": "/nix/store/0jp24w00c62cysdikz38xrnmxwzv0q4r-nodejs-24.13.0.drv",
      "description": "Event-driven I/O framework for the V8 JavaScript engine",
      "install_id": "nodejs_24",
      "license": "MIT",
      "locked_url": "https://github.com/flox/nixpkgs?rev=c5296fdd05cfa2c187990dd909864da9658df755",
      "name": "nodejs-24.13.0",
      "pname": "nodejs_24",
      "rev": "c5296fdd05cfa2c187990dd909864da9658df755",
      "rev_count": 933481,
      "rev_date": "2026-01-23T12:18:02Z",
      "scrape_date": "2026-01-26T04:35:37.384339Z",
      "stabilities": [
        "unstable"
      ],
      "unfree": false,
      "version": "24.13.0",
      "outputs_to_install": [
        "out"
      ],
      "outputs": {
        "dev": "/nix/store/ywm49y8ncwny2nr0wvs6vmaxqjiqg523-nodejs-24.13.0-dev",
        "libv8": "/nix/store/67xyvmmgkisc7mr16wbpyjq2fqyz44af-nodejs-24.13.0-libv8",
        "out": "/nix/store/szvl8aalaplzshakdpyq8l5yq8q1bw66-nodejs-24.13.0"
      },
      "system": "aarch64-darwin",
      "group": "toplevel",
      "priority": 5
    },
    {
      "attr_path": "nodejs_24",
      "broken": false,
      "derivation": "/nix/store/l64r4vxgdpi0jxp27mvr9sj2c2mq2cys-nodejs-24.13.0.drv",
      "description": "Event-driven I/O framework for the V8 JavaScript engine",
      "install_id": "nodejs_24",
      "license": "MIT",
      "locked_url": "https://github.com/flox/nixpkgs?rev=c5296fdd05cfa2c187990dd909864da9658df755",
      "name": "nodejs-24.13.0",
      "pname": "nodejs_24",
      "rev": "c5296fdd05cfa2c187990dd909864da9658df755",
      "rev_count": 933481,
      "rev_date": "2026-01-23T12:18:02Z",
      "scrape_date": "2026-01-26T05:17:34.379272Z",
      "stabilities": [
        "unstable"
      ],
      "unfree": false,
      "version": "24.13.0",
      "outputs_to_install": [
        "out"
      ],
      "outputs": {
        "dev": "/nix/store/qk4n3r5bvqzvpaq1qbpwwf47zg51wrhq-nodejs-24.13.0-dev",
        "libv8": "/nix/store/rh9dg0mdq0hnp4cbdy4zdbmy6hnhxcfh-nodejs-24.13.0-libv8",
        "out": "/nix/store/rpyb0275h916mxx8a0cm7yavm4qbr4j9-nodejs-24.13.0"
      },
      "system": "aarch64-linux",
      "group": "toplevel",
      "priority": 5
    },
    {
      "attr_path": "nodejs_24",
      "broken": false,
      "derivation": "/nix/store/xgryfaiwfymf8ndij80ssly7q2kdq8y1-nodejs-24.13.0.drv",
      "description": "Event-driven I/O framework for the V8 JavaScript engine",
      "install_id": "nodejs_24",
      "license": "MIT",
      "locked_url": "https://github.com/flox/nixpkgs?rev=c5296fdd05cfa2c187990dd909864da9658df755",
      "name": "nodejs-24.13.0",
      "pname": "nodejs_24",
      "rev": "c5296fdd05cfa2c187990dd909864da9658df755",
      "rev_count": 933481,
      "rev_date": "2026-01-23T12:18:02Z",
      "scrape_date": "2026-01-26T05:56:29.518937Z",
      "stabilities": [
        "unstable"
      ],
      "unfree": false,
      "version": "24.13.0",
      "outputs_to_install": [
        "out"
      ],
      "outputs": {
        "dev": "/nix/store/rp55bch0hqxynmxnh7q5bs586kp0dib6-nodejs-24.13.0-dev",
        "libv8": "/nix/store/dvl504xzwklpfjngdnn6kcpriklwsf6l-nodejs-24.13.0-libv8",
        "out": "/nix/store/xhp1pnnq7hski7hwg36vw7kpxmg56khh-nodejs-24.13.0"
      },
      "system": "x86_64-darwin",
      "group": "toplevel",
      "priority": 5
    },
    {
      "attr_path": "nodejs_24",
      "broken": false,
      "derivation": "/nix/store/qk40027pvikybl0lvr1wmia9n8ljf99c-nodejs-24.13.0.drv",
      "description": "Event-driven I/O framework for the V8 JavaScript engine",
      "install_id": "nodejs_24",
      "license": "MIT",
      "locked_url": "https://github.com/flox/nixpkgs?rev=c5296fdd05cfa2c187990dd909864da9658df755",
      "name": "nodejs-24.13.0",
      "pname": "nodejs_24",
      "rev": "c5296fdd05cfa2c187990dd909864da9658df755",
      "rev_count": 933481,
      "rev_date": "2026-01-23T12:18:02Z",
      "scrape_date": "2026-01-26T06:51:46.928987Z",
      "stabilities": [
        "unstable"
      ],
      "unfree": false,
      "version": "24.13.0",
      "outputs_to_install": [
        "out"
      ],
      "outputs": {
        "dev": "/nix/store/hc7fav9y6ai53nqbbpjxprwnkakl1w2d-nodejs-24.13.0-dev",
        "libv8": "/nix/store/z7m56hl4rzdrfhnnkwig0ibzs1qz1x5d-nodejs-24.13.0-libv8",
        "out": "/nix/store/9cyx2v23dip6p9q98384k9v06c96qskb-nodejs-24.13.0"
      },
      "system": "x86_64-linux",
      "group": "toplevel",
      "priority": 5
    },
    {
      "attr_path": "pnpm",
      "broken": false,
      "derivation": "/nix/store/d7xkqqf3qsrpn46mz48r6sayabx5131b-pnpm-10.28.0.drv",
      "description": "Fast, disk space efficient package manager for JavaScript",
      "install_id": "pnpm",
      "license": "MIT",
      "locked_url": "https://github.com/flox/nixpkgs?rev=c5296fdd05cfa2c187990dd909864da9658df755",
      "name": "pnpm-10.28.0",
      "pname": "pnpm",
      "rev": "c5296fdd05cfa2c187990dd909864da9658df755",
      "rev_count": 933481,
      "rev_date": "2026-01-23T12:18:02Z",
      "scrape_date": "2026-01-26T04:35:51.267494Z",
      "stabilities": [
        "unstable"
      ],
      "unfree": false,
      "version": "10.28.0",
      "outputs_to_install": [
        "out"
      ],
      "outputs": {
        "out": "/nix/store/a0i7dm3y1pdkpjc2p0lj2868iqw1cph2-pnpm-10.28.0"
      },
      "system": "aarch64-darwin",
      "group": "toplevel",
      "priority": 5
    },
    {
      "attr_path": "pnpm",
      "broken": false,
      "derivation": "/nix/store/aialkmfhg9b8czkyms67fr75lar1qs7c-pnpm-10.28.0.drv",
      "description": "Fast, disk space efficient package manager for JavaScript",
      "install_id": "pnpm",
      "license": "MIT",
      "locked_url": "https://github.com/flox/nixpkgs?rev=c5296fdd05cfa2c187990dd909864da9658df755",
      "name": "pnpm-10.28.0",
      "pname": "pnpm",
      "rev": "c5296fdd05cfa2c187990dd909864da9658df755",
      "rev_count": 933481,
      "rev_date": "2026-01-23T12:18:02Z",
      "scrape_date": "2026-01-26T05:17:53.283044Z",
      "stabilities": [
        "unstable"
      ],
      "unfree": false,
      "version": "10.28.0",
      "outputs_to_install": [
        "out"
      ],
      "outputs": {
        "out": "/nix/store/xgw9y80p9y0m5dq0qrnwwxi7fs69gm54-pnpm-10.28.0"
      },
      "system": "aarch64-linux",
      "group": "toplevel",
      "priority": 5
    },
    {
      "attr_path": "pnpm",
      "broken": false,
      "derivation": "/nix/store/gi09kgcj8pdngpr355rb2yl7a766c5c2-pnpm-10.28.0.drv",
      "description": "Fast, disk space efficient package manager for JavaScript",
      "install_id": "pnpm",
      "license": "MIT",
      "locked_url": "https://github.com/flox/nixpkgs?rev=c5296fdd05cfa2c187990dd909864da9658df755",
      "name": "pnpm-10.28.0",
      "pname": "pnpm",
      "rev": "c5296fdd05cfa2c187990dd909864da9658df755",
      "rev_count": 933481,
      "rev_date": "2026-01-23T12:18:02Z",
      "scrape_date": "2026-01-26T05:56:42.610398Z",
      "stabilities": [
        "unstable"
      ],
      "unfree": false,
      "version": "10.28.0",
      "outputs_to_install": [
        "out"
      ],
      "outputs": {
        "out": "/nix/store/dj5b9z76cs1055rp0m8r53n5md1ismab-pnpm-10.28.0"
      },
      "system": "x86_64-darwin",
      "group": "toplevel",
      "priority": 5
    },
    {
      "attr_path": "pnpm",
      "broken": false,
      "derivation": "/nix/store/8i2pn12vwqy5pfy8dgfcv9fi5gz4faal-pnpm-10.28.0.drv",
      "description": "Fast, disk space efficient package manager for JavaScript",
      "install_id": "pnpm",
      "license": "MIT",
      "locked_url": "https://github.com/flox/nixpkgs?rev=c5296fdd05cfa2c187990dd909864da9658df755",
      "name": "pnpm-10.28.0",
      "pname": "pnpm",
      "rev": "c5296fdd05cfa2c187990dd909864da9658df755",
      "rev_count": 933481,
      "rev_date": "2026-01-23T12:18:02Z",
      "scrape_date": "2026-01-26T06:52:07.089420Z",
      "stabilities": [
        "unstable"
      ],
      "unfree": false,
      "version": "10.28.0",
      "outputs_to_install": [
        "out"
      ],
      "outputs": {
        "out": "/nix/store/q182xhmnqzff17cdg90hcp44ljgvqqr7-pnpm-10.28.0"
      },
      "system": "x86_64-linux",
      "group": "toplevel",
      "priority": 5
    }
  ]
}
