{
  "lockfile-version": 1,
  "manifest": {
    "version": 1,
    "install": {
      "cargo": {
        "pkg-path": "cargo"
      },
      "go": {
        "pkg-path": "go"
      },
      "moon": {
        "pkg-path": "moon"
      },
      "nodejs_24": {
        "pkg-path": "nodejs_24"
      },
      "pnpm": {
        "pkg-path": "pnpm"
      },
      "python313": {
        "pkg-path": "python313"
      },
      "rustc": {
        "pkg-path": "rustc"
      },
      "rustfmt": {
        "pkg-path": "rustfmt"
      },
      "uv": {
        "pkg-path": "uv"
      }
    },
    "hook": {},
    "profile": {},
    "options": {
      "systems": [
        "aarch64-darwin",
        "aarch64-linux",
        "x86_64-darwin",
        "x86_64-linux"
      ]
    }
  },
  "packages": [
    {
      "attr_path": "cargo",
      "broken": false,
      "derivation": "/nix/store/smqakq8ly0wv3q2jvhvcihx2qd4bmi9i-cargo-1.92.0.drv",
      "description": "Downloads your Rust project's dependencies and builds your project",
      "install_id": "cargo",
      "license": "[ MIT, Apache-2.0 ]",
      "locked_url": "https://github.com/flox/nixpkgs?rev=00c21e4c93d963c50d4c0c89bfa84ed6e0694df2",
      "name": "cargo-1.92.0",
      "pname": "cargo",
      "rev": "00c21e4c93d963c50d4c0c89bfa84ed6e0694df2",
      "rev_count": 940249,
      "rev_date": "2026-02-04T09:32:58Z",
      "scrape_date": "2026-02-06T04:35:54.555765Z",
      "stabilities": [
        "staging",
        "unstable"
      ],
      "unfree": false,
      "version": "1.92.0",
      "outputs_to_install": [
        "out"
      ],
      "outputs": {
        "out": "/nix/store/v4bvnkm0p5x41fhybskr0cf2zvkgyrvv-cargo-1.92.0"
      },
      "system": "aarch64-darwin",
      "group": "toplevel",
      "priority": 5
    },
    {
      "attr_path": "cargo",
      "broken": false,
      "derivation": "/nix/store/y2jp95g3j7vprw96lllsxliklvxh4icv-cargo-1.92.0.drv",
      "description": "Downloads your Rust project's dependencies and builds your project",
      "install_id": "cargo",
      "license": "[ MIT, Apache-2.0 ]",
      "locked_url": "https://github.com/flox/nixpkgs?rev=00c21e4c93d963c50d4c0c89bfa84ed6e0694df2",
      "name": "cargo-1.92.0",
      "pname": "cargo",
      "rev": "00c21e4c93d963c50d4c0c89bfa84ed6e0694df2",
      "rev_count": 940249,
      "rev_date": "2026-02-04T09:32:58Z",
      "scrape_date": "2026-02-06T05:05:22.879191Z",
      "stabilities": [
        "staging",
        "unstable"
      ],
      "unfree": false,
      "version": "1.92.0",
      "outputs_to_install": [
        "out"
      ],
      "outputs": {
        "out": "/nix/store/piiqs6x2m8gv0n3z3pys8scn0y673piy-cargo-1.92.0"
      },
      "system": "aarch64-linux",
      "group": "toplevel",
      "priority": 5
    },
    {
      "attr_path": "cargo",
      "broken": false,
      "derivation": "/nix/store/60bc9hzhvc4bl212dnj4450y58hwmaaw-cargo-1.92.0.drv",
      "description": "Downloads your Rust project's dependencies and builds your project",
      "install_id": "cargo",
      "license": "[ MIT, Apache-2.0 ]",
      "locked_url": "https://github.com/flox/nixpkgs?rev=00c21e4c93d963c50d4c0c89bfa84ed6e0694df2",
      "name": "cargo-1.92.0",
      "pname": "cargo",
      "rev": "00c21e4c93d963c50d4c0c89bfa84ed6e0694df2",
      "rev_count": 940249,
      "rev_date": "2026-02-04T09:32:58Z",
      "scrape_date": "2026-02-06T05:33:32.762094Z",
      "stabilities": [
        "staging",
        "unstable"
      ],
      "unfree": false,
      "version": "1.92.0",
      "outputs_to_install": [
        "out"
      ],
      "outputs": {
        "out": "/nix/store/wf6279pgydd1nny4s5nx1msian6dbf9p-cargo-1.92.0"
      },
      "system": "x86_64-darwin",
      "group": "toplevel",
      "priority": 5
    },
    {
      "attr_path": "cargo",
      "broken": false,
      "derivation": "/nix/store/3gdr50smf0vcnv3v8slv9v3dd4splibj-cargo-1.92.0.drv",
      "description": "Downloads your Rust project's dependencies and builds your project",
      "install_id": "cargo",
      "license": "[ MIT, Apache-2.0 ]",
      "locked_url": "https://github.com/flox/nixpkgs?rev=00c21e4c93d963c50d4c0c89bfa84ed6e0694df2",
      "name": "cargo-1.92.0",
      "pname": "cargo",
      "rev": "00c21e4c93d963c50d4c0c89bfa84ed6e0694df2",
      "rev_count": 940249,
      "rev_date": "2026-02-04T09:32:58Z",
      "scrape_date": "2026-02-06T06:05:45.729819Z",
      "stabilities": [
        "staging",
        "unstable"
      ],
      "unfree": false,
      "version": "1.92.0",
      "outputs_to_install": [
        "out"
      ],
      "outputs": {
        "out": "/nix/store/yqcsaywfvcyy9wmbzb5fawp29icgi7cb-cargo-1.92.0"
      },
      "system": "x86_64-linux",
      "group": "toplevel",
      "priority": 5
    },
    {
      "attr_path": "go",
      "broken": false,
      "derivation": "/nix/store/h19kjqi10ynjk0i6scllhv82gx45p58w-go-1.25.5.drv",
      "description": "Go Programming language",
      "install_id": "go",
      "license": "BSD-3-Clause",
      "locked_url": "https://github.com/flox/nixpkgs?rev=00c21e4c93d963c50d4c0c89bfa84ed6e0694df2",
      "name": "go-1.25.5",
      "pname": "go",
      "rev": "00c21e4c93d963c50d4c0c89bfa84ed6e0694df2",
      "rev_count": 940249,
      "rev_date": "2026-02-04T09:32:58Z",
      "scrape_date": "2026-02-06T04:35:55.626708Z",
      "stabilities": [
        "staging",
        "unstable"
      ],
      "unfree": false,
      "version": "1.25.5",
      "outputs_to_install": [
        "out"
      ],
      "outputs": {
        "out": "/nix/store/wh88zz6r1ihcp2mm7ys1f2anp8aga6n2-go-1.25.5"
      },
      "system": "aarch64-darwin",
      "group": "toplevel",
      "priority": 5
    },
    {
      "attr_path": "go",
      "broken": false,
      "derivation": "/nix/store/32f3plvjz6apyxgi010l0c0ngqydzbyj-go-1.25.5.drv",
      "description": "Go Programming language",
      "install_id": "go",
      "license": "BSD-3-Clause",
      "locked_url": "https://github.com/flox/nixpkgs?rev=00c21e4c93d963c50d4c0c89bfa84ed6e0694df2",
      "name": "go-1.25.5",
      "pname": "go",
      "rev": "00c21e4c93d963c50d4c0c89bfa84ed6e0694df2",
      "rev_count": 940249,
      "rev_date": "2026-02-04T09:32:58Z",
      "scrape_date": "2026-02-06T05:05:24.906231Z",
      "stabilities": [
        "staging",
        "unstable"
      ],
      "unfree": false,
      "version": "1.25.5",
      "outputs_to_install": [
        "out"
      ],
      "outputs": {
        "out": "/nix/store/k3knzdi0v21bf2m7vcxpdy1jnqg1h0zk-go-1.25.5"
      },
      "system": "aarch64-linux",
      "group": "toplevel",
      "priority": 5
    },
    {
      "attr_path": "go",
      "broken": false,
      "derivation": "/nix/store/5m70w19x64mr74nzlmlmv2mia2k6mykd-go-1.25.5.drv",
      "description": "Go Programming language",
      "install_id": "go",
      "license": "BSD-3-Clause",
      "locked_url": "https://github.com/flox/nixpkgs?rev=00c21e4c93d963c50d4c0c89bfa84ed6e0694df2",
      "name": "go-1.25.5",
      "pname": "go",
      "rev": "00c21e4c93d963c50d4c0c89bfa84ed6e0694df2",
      "rev_count": 940249,
      "rev_date": "2026-02-04T09:32:58Z",
      "scrape_date": "2026-02-06T05:33:33.881589Z",
      "stabilities": [
        "staging",
        "unstable"
      ],
      "unfree": false,
      "version": "1.25.5",
      "outputs_to_install": [
        "out"
      ],
      "outputs": {
        "out": "/nix/store/bwdahzajhqd5x14dbvkqww5f1wpsxif3-go-1.25.5"
      },
      "system": "x86_64-darwin",
      "group": "toplevel",
      "priority": 5
    },
    {
      "attr_path": "go",
      "broken": false,
      "derivation": "/nix/store/3xvlqyw28f7hk7qmk3f18pzi6c7ymzy8-go-1.25.5.drv",
      "description": "Go Programming language",
      "install_id": "go",
      "license": "BSD-3-Clause",
      "locked_url": "https://github.com/flox/nixpkgs?rev=00c21e4c93d963c50d4c0c89bfa84ed6e0694df2",
      "name": "go-1.25.5",
      "pname": "go",
      "rev": "00c21e4c93d963c50d4c0c89bfa84ed6e0694df2",
      "rev_count": 940249,
      "rev_date": "2026-02-04T09:32:58Z",
      "scrape_date": "2026-02-06T06:05:47.956603Z",
      "stabilities": [
        "staging",
        "unstable"
      ],
      "unfree": false,
      "version": "1.25.5",
      "outputs_to_install": [
        "out",
        "out",
        "out"
      ],
      "outputs": {
        "out": "/nix/store/zzvsjgylnphvhms3lgr2qlwdxmc68z66-go-1.25.5"
      },
      "system": "x86_64-linux",
      "group": "toplevel",
      "priority": 5
    },
    {
      "attr_path": "moon",
      "broken": false,
      "derivation": "/nix/store/v9pmppm0z05sb5bvips98hjn1ja3c1z8-moon-1.41.8.drv",
      "description": "Task runner and repo management tool for the web ecosystem, written in Rust",
      "install_id": "moon",
      "license": "MIT",
      "locked_url": "https://github.com/flox/nixpkgs?rev=00c21e4c93d963c50d4c0c89bfa84ed6e0694df2",
      "name": "moon-1.41.8",
      "pname": "moon",
      "rev": "00c21e4c93d963c50d4c0c89bfa84ed6e0694df2",
      "rev_count": 940249,
      "rev_date": "2026-02-04T09:32:58Z",
      "scrape_date": "2026-02-06T04:36:15.963813Z",
      "stabilities": [
        "staging",
        "unstable"
      ],
      "unfree": false,
      "version": "1.41.8",
      "outputs_to_install": [
        "out"
      ],
      "outputs": {
        "out": "/nix/store/58c4b426hh42i410f2x148df9agzcz5c-moon-1.41.8"
      },
      "system": "aarch64-darwin",
      "group": "toplevel",
      "priority": 5
    },
    {
      "attr_path": "moon",
      "broken": false,
      "derivation": "/nix/store/kq2q6fniawck7p1lhh0vyh5jcg9rq387-moon-1.41.8.drv",
      "description": "Task runner and repo management tool for the web ecosystem, written in Rust",
      "install_id": "moon",
      "license": "MIT",
      "locked_url": "https://github.com/flox/nixpkgs?rev=00c21e4c93d963c50d4c0c89bfa84ed6e0694df2",
      "name": "moon-1.41.8",
      "pname": "moon",
      "rev": "00c21e4c93d963c50d4c0c89bfa84ed6e0694df2",
      "rev_count": 940249,
      "rev_date": "2026-02-04T09:32:58Z",
      "scrape_date": "2026-02-06T05:05:55.721758Z",
      "stabilities": [
        "staging",
        "unstable"
      ],
      "unfree": false,
      "version": "1.41.8",
      "outputs_to_install": [
        "out"
      ],
      "outputs": {
        "out": "/nix/store/f2s1yihqc3wvsrnskzgrjybrfcs3i23j-moon-1.41.8"
      },
      "system": "aarch64-linux",
      "group": "toplevel",
      "priority": 5
    },
    {
      "attr_path": "moon",
      "broken": false,
      "derivation": "/nix/store/sq8iy6h9vxbhpbxxsjvffiifbddimp8m-moon-1.41.8.drv",
      "description": "Task runner and repo management tool for the web ecosystem, written in Rust",
      "install_id": "moon",
      "license": "MIT",
      "locked_url": "https://github.com/flox/nixpkgs?rev=00c21e4c93d963c50d4c0c89bfa84ed6e0694df2",
      "name": "moon-1.41.8",
      "pname": "moon",
      "rev": "00c21e4c93d963c50d4c0c89bfa84ed6e0694df2",
      "rev_count": 940249,
      "rev_date": "2026-02-04T09:32:58Z",
      "scrape_date": "2026-02-06T05:33:54.198972Z",
      "stabilities": [
        "staging",
        "unstable"
      ],
      "unfree": false,
      "version": "1.41.8",
      "outputs_to_install": [
        "out"
      ],
      "outputs": {
        "out": "/nix/store/bkvw6d2h0pm3xvbwyqbq74wdypaanc9n-moon-1.41.8"
      },
      "system": "x86_64-darwin",
      "group": "toplevel",
      "priority": 5
    },
    {
      "attr_path": "moon",
      "broken": false,
      "derivation": "/nix/store/4mpyvy47261klj7w4nda2lz0cif0h37f-moon-1.41.8.drv",
      "description": "Task runner and repo management tool for the web ecosystem, written in Rust",
      "install_id": "moon",
      "license": "MIT",
      "locked_url": "https://github.com/flox/nixpkgs?rev=00c21e4c93d963c50d4c0c89bfa84ed6e0694df2",
      "name": "moon-1.41.8",
      "pname": "moon",
      "rev": "00c21e4c93d963c50d4c0c89bfa84ed6e0694df2",
      "rev_count": 940249,
      "rev_date": "2026-02-04T09:32:58Z",
      "scrape_date": "2026-02-06T06:06:22.178768Z",
      "stabilities": [
        "staging",
        "unstable"
      ],
      "unfree": false,
      "version": "1.41.8",
      "outputs_to_install": [
        "out"
      ],
      "outputs": {
        "out": "/nix/store/cv27mki246d62358b6agdsfgi5hararn-moon-1.41.8"
      },
      "system": "x86_64-linux",
      "group": "toplevel",
      "priority": 5
    },
    {
      "attr_path": "nodejs_24",
      "broken": false,
      "derivation": "/nix/store/0jp24w00c62cysdikz38xrnmxwzv0q4r-nodejs-24.13.0.drv",
      "description": "Event-driven I/O framework for the V8 JavaScript engine",
      "install_id": "nodejs_24",
      "license": "MIT",
      "locked_url": "https://github.com/flox/nixpkgs?rev=00c21e4c93d963c50d4c0c89bfa84ed6e0694df2",
      "name": "nodejs-24.13.0",
      "pname": "nodejs_24",
      "rev": "00c21e4c93d963c50d4c0c89bfa84ed6e0694df2",
      "rev_count": 940249,
      "rev_date": "2026-02-04T09:32:58Z",
      "scrape_date": "2026-02-06T04:36:18.066688Z",
      "stabilities": [
        "staging",
        "unstable"
      ],
      "unfree": false,
      "version": "24.13.0",
      "outputs_to_install": [
        "out"
      ],
      "outputs": {
        "dev": "/nix/store/ywm49y8ncwny2nr0wvs6vmaxqjiqg523-nodejs-24.13.0-dev",
        "libv8": "/nix/store/67xyvmmgkisc7mr16wbpyjq2fqyz44af-nodejs-24.13.0-libv8",
        "out": "/nix/store/szvl8aalaplzshakdpyq8l5yq8q1bw66-nodejs-24.13.0"
      },
      "system": "aarch64-darwin",
      "group": "toplevel",
      "priority": 5
    },
    {
      "attr_path": "nodejs_24",
      "broken": false,
      "derivation": "/nix/store/l64r4vxgdpi0jxp27mvr9sj2c2mq2cys-nodejs-24.13.0.drv",
      "description": "Event-driven I/O framework for the V8 JavaScript engine",
      "install_id": "nodejs_24",
      "license": "MIT",
      "locked_url": "https://github.com/flox/nixpkgs?rev=00c21e4c93d963c50d4c0c89bfa84ed6e0694df2",
      "name": "nodejs-24.13.0",
      "pname": "nodejs_24",
      "rev": "00c21e4c93d963c50d4c0c89bfa84ed6e0694df2",
      "rev_count": 940249,
      "rev_date": "2026-02-04T09:32:58Z",
      "scrape_date": "2026-02-06T05:05:58.855443Z",
      "stabilities": [
        "staging",
        "unstable"
      ],
      "unfree": false,
      "version": "24.13.0",
      "outputs_to_install": [
        "out"
      ],
      "outputs": {
        "dev": "/nix/store/qk4n3r5bvqzvpaq1qbpwwf47zg51wrhq-nodejs-24.13.0-dev",
        "libv8": "/nix/store/rh9dg0mdq0hnp4cbdy4zdbmy6hnhxcfh-nodejs-24.13.0-libv8",
        "out": "/nix/store/rpyb0275h916mxx8a0cm7yavm4qbr4j9-nodejs-24.13.0"
      },
      "system": "aarch64-linux",
      "group": "toplevel",
      "priority": 5
    },
    {
      "attr_path": "nodejs_24",
      "broken": false,
      "derivation": "/nix/store/xgryfaiwfymf8ndij80ssly7q2kdq8y1-nodejs-24.13.0.drv",
      "description": "Event-driven I/O framework for the V8 JavaScript engine",
      "install_id": "nodejs_24",
      "license": "MIT",
      "locked_url": "https://github.com/flox/nixpkgs?rev=00c21e4c93d963c50d4c0c89bfa84ed6e0694df2",
      "name": "nodejs-24.13.0",
      "pname": "nodejs_24",
      "rev": "00c21e4c93d963c50d4c0c89bfa84ed6e0694df2",
      "rev_count": 940249,
      "rev_date": "2026-02-04T09:32:58Z",
      "scrape_date": "2026-02-06T05:33:56.252020Z",
      "stabilities": [
        "staging",
        "unstable"
      ],
      "unfree": false,
      "version": "24.13.0",
      "outputs_to_install": [
        "out"
      ],
      "outputs": {
        "dev": "/nix/store/rp55bch0hqxynmxnh7q5bs586kp0dib6-nodejs-24.13.0-dev",
        "libv8": "/nix/store/dvl504xzwklpfjngdnn6kcpriklwsf6l-nodejs-24.13.0-libv8",
        "out": "/nix/store/xhp1pnnq7hski7hwg36vw7kpxmg56khh-nodejs-24.13.0"
      },
      "system": "x86_64-darwin",
      "group": "toplevel",
      "priority": 5
    },
    {
      "attr_path": "nodejs_24",
      "broken": false,
      "derivation": "/nix/store/qk40027pvikybl0lvr1wmia9n8ljf99c-nodejs-24.13.0.drv",
      "description": "Event-driven I/O framework for the V8 JavaScript engine",
      "install_id": "nodejs_24",
      "license": "MIT",
      "locked_url": "https://github.com/flox/nixpkgs?rev=00c21e4c93d963c50d4c0c89bfa84ed6e0694df2",
      "name": "nodejs-24.13.0",
      "pname": "nodejs_24",
      "rev": "00c21e4c93d963c50d4c0c89bfa84ed6e0694df2",
      "rev_count": 940249,
      "rev_date": "2026-02-04T09:32:58Z",
      "scrape_date": "2026-02-06T06:06:25.442522Z",
      "stabilities": [
        "staging",
        "unstable"
      ],
      "unfree": false,
      "version": "24.13.0",
      "outputs_to_install": [
        "out"
      ],
      "outputs": {
        "dev": "/nix/store/hc7fav9y6ai53nqbbpjxprwnkakl1w2d-nodejs-24.13.0-dev",
        "libv8": "/nix/store/z7m56hl4rzdrfhnnkwig0ibzs1qz1x5d-nodejs-24.13.0-libv8",
        "out": "/nix/store/9cyx2v23dip6p9q98384k9v06c96qskb-nodejs-24.13.0"
      },
      "system": "x86_64-linux",
      "group": "toplevel",
      "priority": 5
    },
    {
      "attr_path": "pnpm",
      "broken": false,
      "derivation": "/nix/store/d7xkqqf3qsrpn46mz48r6sayabx5131b-pnpm-10.28.0.drv",
      "description": "Fast, disk space efficient package manager for JavaScript",
      "install_id": "pnpm",
      "license": "MIT",
      "locked_url": "https://github.com/flox/nixpkgs?rev=00c21e4c93d963c50d4c0c89bfa84ed6e0694df2",
      "name": "pnpm-10.28.0",
      "pname": "pnpm",
      "rev": "00c21e4c93d963c50d4c0c89bfa84ed6e0694df2",
      "rev_count": 940249,
      "rev_date": "2026-02-04T09:32:58Z",
      "scrape_date": "2026-02-06T04:36:31.486799Z",
      "stabilities": [
        "staging",
        "unstable"
      ],
      "unfree": false,
      "version": "10.28.0",
      "outputs_to_install": [
        "out"
      ],
      "outputs": {
        "out": "/nix/store/a0i7dm3y1pdkpjc2p0lj2868iqw1cph2-pnpm-10.28.0"
      },
      "system": "aarch64-darwin",
      "group": "toplevel",
      "priority": 5
    },
    {
      "attr_path": "pnpm",
      "broken": false,
      "derivation": "/nix/store/aialkmfhg9b8czkyms67fr75lar1qs7c-pnpm-10.28.0.drv",
      "description": "Fast, disk space efficient package manager for JavaScript",
      "install_id": "pnpm",
      "license": "MIT",
      "locked_url": "https://github.com/flox/nixpkgs?rev=00c21e4c93d963c50d4c0c89bfa84ed6e0694df2",
      "name": "pnpm-10.28.0",
      "pname": "pnpm",
      "rev": "00c21e4c93d963c50d4c0c89bfa84ed6e0694df2",
      "rev_count": 940249,
      "rev_date": "2026-02-04T09:32:58Z",
      "scrape_date": "2026-02-06T05:06:17.239609Z",
      "stabilities": [
        "staging",
        "unstable"
      ],
      "unfree": false,
      "version": "10.28.0",
      "outputs_to_install": [
        "out"
      ],
      "outputs": {
        "out": "/nix/store/xgw9y80p9y0m5dq0qrnwwxi7fs69gm54-pnpm-10.28.0"
      },
      "system": "aarch64-linux",
      "group": "toplevel",
      "priority": 5
    },
    {
      "attr_path": "pnpm",
      "broken": false,
      "derivation": "/nix/store/gi09kgcj8pdngpr355rb2yl7a766c5c2-pnpm-10.28.0.drv",
      "description": "Fast, disk space efficient package manager for JavaScript",
      "install_id": "pnpm",
      "license": "MIT",
      "locked_url": "https://github.com/flox/nixpkgs?rev=00c21e4c93d963c50d4c0c89bfa84ed6e0694df2",
      "name": "pnpm-10.28.0",
      "pname": "pnpm",
      "rev": "00c21e4c93d963c50d4c0c89bfa84ed6e0694df2",
      "rev_count": 940249,
      "rev_date": "2026-02-04T09:32:58Z",
      "scrape_date": "2026-02-06T05:34:09.959140Z",
      "stabilities": [
        "staging",
        "unstable"
      ],
      "unfree": false,
      "version": "10.28.0",
      "outputs_to_install": [
        "out"
      ],
      "outputs": {
        "out": "/nix/store/dj5b9z76cs1055rp0m8r53n5md1ismab-pnpm-10.28.0"
      },
      "system": "x86_64-darwin",
      "group": "toplevel",
      "priority": 5
    },
    {
      "attr_path": "pnpm",
      "broken": false,
      "derivation": "/nix/store/8i2pn12vwqy5pfy8dgfcv9fi5gz4faal-pnpm-10.28.0.drv",
      "description": "Fast, disk space efficient package manager for JavaScript",
      "install_id": "pnpm",
      "license": "MIT",
      "locked_url": "https://github.com/flox/nixpkgs?rev=00c21e4c93d963c50d4c0c89bfa84ed6e0694df2",
      "name": "pnpm-10.28.0",
      "pname": "pnpm",
      "rev": "00c21e4c93d963c50d4c0c89bfa84ed6e0694df2",
      "rev_count": 940249,
      "rev_date": "2026-02-04T09:32:58Z",
      "scrape_date": "2026-02-06T06:06:44.793208Z",
      "stabilities": [
        "staging",
        "unstable"
      ],
      "unfree": false,
      "version": "10.28.0",
      "outputs_to_install": [
        "out"
      ],
      "outputs": {
        "out": "/nix/store/q182xhmnqzff17cdg90hcp44ljgvqqr7-pnpm-10.28.0"
      },
      "system": "x86_64-linux",
      "group": "toplevel",
      "priority": 5
    },
    {
      "attr_path": "python313",
      "broken": false,
      "derivation": "/nix/store/2f9f2hcw24ncf86i63v9apf9s0k2fgyz-python3-3.13.11.drv",
      "description": "High-level dynamically-typed programming language",
      "install_id": "python313",
      "license": "Python-2.0",
      "locked_url": "https://github.com/flox/nixpkgs?rev=00c21e4c93d963c50d4c0c89bfa84ed6e0694df2",
      "name": "python3-3.13.11",
      "pname": "python313",
      "rev": "00c21e4c93d963c50d4c0c89bfa84ed6e0694df2",
      "rev_count": 940249,
      "rev_date": "2026-02-04T09:32:58Z",
      "scrape_date": "2026-02-06T04:36:33.171420Z",
      "stabilities": [
        "staging",
        "unstable"
      ],
      "unfree": false,
      "version": "python3-3.13.11",
      "outputs_to_install": [
        "out",
        "out"
      ],
      "outputs": {
        "out": "/nix/store/qzgxkh5rnlswnj5ywhag0djwvn83kr3r-python3-3.13.11"
      },
      "system": "aarch64-darwin",
      "group": "toplevel",
      "priority": 5
    },
    {
      "attr_path": "python313",
      "broken": false,
      "derivation": "/nix/store/cadmaxzh2h1i0id6zfa5zq0mjpr9qqda-python3-3.13.11.drv",
      "description": "High-level dynamically-typed programming language",
      "install_id": "python313",
      "license": "Python-2.0",
      "locked_url": "https://github.com/flox/nixpkgs?rev=00c21e4c93d963c50d4c0c89bfa84ed6e0694df2",
      "name": "python3-3.13.11",
      "pname": "python313",
      "rev": "00c21e4c93d963c50d4c0c89bfa84ed6e0694df2",
      "rev_count": 940249,
      "rev_date": "2026-02-04T09:32:58Z",
      "scrape_date": "2026-02-06T05:06:19.690595Z",
      "stabilities": [
        "staging",
        "unstable"
      ],
      "unfree": false,
      "version": "python3-3.13.11",
      "outputs_to_install": [
        "out",
        "out"
      ],
      "outputs": {
        "debug": "/nix/store/bzb0vriv1a1kaz9zv6lzv62zkcvvm88r-python3-3.13.11-debug",
        "out": "/nix/store/ygzfhw5nxrn7qqfqmz2s9p6cikcjqqkh-python3-3.13.11"
      },
      "system": "aarch64-linux",
      "group": "toplevel",
      "priority": 5
    },
    {
      "attr_path": "python313",
      "broken": false,
      "derivation": "/nix/store/dk525f5vnsqf4c5m90rhm2hazww34xmx-python3-3.13.11.drv",
      "description": "High-level dynamically-typed programming language",
      "install_id": "python313",
      "license": "Python-2.0",
      "locked_url": "https://github.com/flox/nixpkgs?rev=00c21e4c93d963c50d4c0c89bfa84ed6e0694df2",
      "name": "python3-3.13.11",
      "pname": "python313",
      "rev": "00c21e4c93d963c50d4c0c89bfa84ed6e0694df2",
      "rev_count": 940249,
      "rev_date": "2026-02-04T09:32:58Z",
      "scrape_date": "2026-02-06T05:34:11.671739Z",
      "stabilities": [
        "staging",
        "unstable"
      ],
      "unfree": false,
      "version": "python3-3.13.11",
      "outputs_to_install": [
        "out"
      ],
      "outputs": {
        "out": "/nix/store/5wy2gaa1kaskq3j63zwl1jw6a0ffllx5-python3-3.13.11"
      },
      "system": "x86_64-darwin",
      "group": "toplevel",
      "priority": 5
    },
    {
      "attr_path": "python313",
      "broken": false,
      "derivation": "/nix/store/bmlsz2bfdg16dr10k8rm3hmkq09h06nr-python3-3.13.11.drv",
      "description": "High-level dynamically-typed programming language",
      "install_id": "python313",
      "license": "Python-2.0",
      "locked_url": "https://github.com/flox/nixpkgs?rev=00c21e4c93d963c50d4c0c89bfa84ed6e0694df2",
      "name": "python3-3.13.11",
      "pname": "python313",
      "rev": "00c21e4c93d963c50d4c0c89bfa84ed6e0694df2",
      "rev_count": 940249,
      "rev_date": "2026-02-04T09:32:58Z",
      "scrape_date": "2026-02-06T06:06:47.436425Z",
      "stabilities": [
        "staging",
        "unstable"
      ],
      "unfree": false,
      "version": "python3-3.13.11",
      "outputs_to_install": [
        "out",
        "out"
      ],
      "outputs": {
        "debug": "/nix/store/gvhg8py0jr9v83ysqb86rr2s1yidppca-python3-3.13.11-debug",
        "out": "/nix/store/slhpx9glq7vl99bwi93bgrhn3syv98s1-python3-3.13.11"
      },
      "system": "x86_64-linux",
      "group": "toplevel",
      "priority": 5
    },
    {
      "attr_path": "rustc",
      "broken": false,
      "derivation": "/nix/store/cn0lz3fcyjn5208k0l0wcsrks0dr1cbn-rustc-wrapper-1.92.0.drv",
      "description": "Safe, concurrent, practical language (wrapper script)",
      "install_id": "rustc",
      "license": "[ MIT, Apache-2.0 ]",
      "locked_url": "https://github.com/flox/nixpkgs?rev=00c21e4c93d963c50d4c0c89bfa84ed6e0694df2",
      "name": "rustc-wrapper-1.92.0",
      "pname": "rustc",
      "rev": "00c21e4c93d963c50d4c0c89bfa84ed6e0694df2",
      "rev_count": 940249,
      "rev_date": "2026-02-04T09:32:58Z",
      "scrape_date": "2026-02-06T04:37:21.198398Z",
      "stabilities": [
        "staging",
        "unstable"
      ],
      "unfree": false,
      "version": "1.92.0",
      "outputs_to_install": [
        "man",
        "out"
      ],
      "outputs": {
        "doc": "/nix/store/09yhz82jqxwbmn4dbjy7p9hrvbr4g0mn-rustc-wrapper-1.92.0-doc",
        "man": "/nix/store/ch54xfkz0dlqvhbinzlbkva2898nvihl-rustc-wrapper-1.92.0-man",
        "out": "/nix/store/ymskl36napcfgl6wjz1xdjn0jd25inrv-rustc-wrapper-1.92.0"
      },
      "system": "aarch64-darwin",
      "group": "toplevel",
      "priority": 5
    },
    {
      "attr_path": "rustc",
      "broken": false,
      "derivation": "/nix/store/m43c677crygc100zvns1jh3kn84nxid2-rustc-wrapper-1.92.0.drv",
      "description": "Safe, concurrent, practical language (wrapper script)",
      "install_id": "rustc",
      "license": "[ MIT, Apache-2.0 ]",
      "locked_url": "https://github.com/flox/nixpkgs?rev=00c21e4c93d963c50d4c0c89bfa84ed6e0694df2",
      "name": "rustc-wrapper-1.92.0",
      "pname": "rustc",
      "rev": "00c21e4c93d963c50d4c0c89bfa84ed6e0694df2",
      "rev_count": 940249,
      "rev_date": "2026-02-04T09:32:58Z",
      "scrape_date": "2026-02-06T05:07:19.088812Z",
      "stabilities": [
        "staging",
        "unstable"
      ],
      "unfree": false,
      "version": "1.92.0",
      "outputs_to_install": [
        "man",
        "out"
      ],
      "outputs": {
        "doc": "/nix/store/camfpqmi94ssc1p8vkygp2s621ykq80m-rustc-wrapper-1.92.0-doc",
        "man": "/nix/store/5ggpm5m3wkxj05si2id4b6sq4alf90qg-rustc-wrapper-1.92.0-man",
        "out": "/nix/store/qnvqgfiqh8s08cqp452665l2b60a811h-rustc-wrapper-1.92.0"
      },
      "system": "aarch64-linux",
      "group": "toplevel",
      "priority": 5
    },
    {
      "attr_path": "rustc",
      "broken": false,
      "derivation": "/nix/store/c1vlh5i24x1p7gnp1gbm0v78kdijj4jr-rustc-wrapper-1.92.0.drv",
      "description": "Safe, concurrent, practical language (wrapper script)",
      "install_id": "rustc",
      "license": "[ MIT, Apache-2.0 ]",
      "locked_url": "https://github.com/flox/nixpkgs?rev=00c21e4c93d963c50d4c0c89bfa84ed6e0694df2",
      "name": "rustc-wrapper-1.92.0",
      "pname": "rustc",
      "rev": "00c21e4c93d963c50d4c0c89bfa84ed6e0694df2",
      "rev_count": 940249,
      "rev_date": "2026-02-04T09:32:58Z",
      "scrape_date": "2026-02-06T05:34:59.543236Z",
      "stabilities": [
        "staging",
        "unstable"
      ],
      "unfree": false,
      "version": "1.92.0",
      "outputs_to_install": [
        "man",
        "out"
      ],
      "outputs": {
        "doc": "/nix/store/7271gqq93bbxrqb9rw3hf5b5x6wdm2cn-rustc-wrapper-1.92.0-doc",
        "man": "/nix/store/2k3fdy9xjwkx06rlfwfn449w442vgk0i-rustc-wrapper-1.92.0-man",
        "out": "/nix/store/zkcwgmgli06nsh0v8yv82gnh5whgcdyl-rustc-wrapper-1.92.0"
      },
      "system": "x86_64-darwin",
      "group": "toplevel",
      "priority": 5
    },
    {
      "attr_path": "rustc",
      "broken": false,
      "derivation": "/nix/store/xh6m92k61nzgxdssfhhigkbdwybdjdji-rustc-wrapper-1.92.0.drv",
      "description": "Safe, concurrent, practical language (wrapper script)",
      "install_id": "rustc",
      "license": "[ MIT, Apache-2.0 ]",
      "locked_url": "https://github.com/flox/nixpkgs?rev=00c21e4c93d963c50d4c0c89bfa84ed6e0694df2",
      "name": "rustc-wrapper-1.92.0",
      "pname": "rustc",
      "rev": "00c21e4c93d963c50d4c0c89bfa84ed6e0694df2",
      "rev_count": 940249,
      "rev_date": "2026-02-04T09:32:58Z",
      "scrape_date": "2026-02-06T06:07:49.637637Z",
      "stabilities": [
        "staging",
        "unstable"
      ],
      "unfree": false,
      "version": "1.92.0",
      "outputs_to_install": [
        "man",
        "out"
      ],
      "outputs": {
        "doc": "/nix/store/425gvb2xnhkwb1izjr97wpwdwndwi516-rustc-wrapper-1.92.0-doc",
        "man": "/nix/store/n1d4093lcx7ljgks1j352fbrf5w551v9-rustc-wrapper-1.92.0-man",
        "out": "/nix/store/qvpg842zrjkywv7sqgw2h05spdyzcj86-rustc-wrapper-1.92.0"
      },
      "system": "x86_64-linux",
      "group": "toplevel",
      "priority": 5
    },
    {
      "attr_path": "rustfmt",
      "broken": false,
      "derivation": "/nix/store/0g8v0vbjgh1qmmspf721vrl5m59jx4xy-rustfmt-1.92.0.drv",
      "description": "Tool for formatting Rust code according to style guidelines",
      "install_id": "rustfmt",
      "license": "[ MIT, Apache-2.0 ]",
      "locked_url": "https://github.com/flox/nixpkgs?rev=00c21e4c93d963c50d4c0c89bfa84ed6e0694df2",
      "name": "rustfmt-1.92.0",
      "pname": "rustfmt",
      "rev": "00c21e4c93d963c50d4c0c89bfa84ed6e0694df2",
      "rev_count": 940249,
      "rev_date": "2026-02-04T09:32:58Z",
      "scrape_date": "2026-02-06T04:37:21.216938Z",
      "stabilities": [
        "staging",
        "unstable"
      ],
      "unfree": false,
      "version": "1.92.0",
      "outputs_to_install": [
        "out"
      ],
      "outputs": {
        "out": "/nix/store/max1hp93q51kfj074lw6lg8w9m5nmh10-rustfmt-1.92.0"
      },
      "system": "aarch64-darwin",
      "group": "toplevel",
      "priority": 5
    },
    {
      "attr_path": "rustfmt",
      "broken": false,
      "derivation": "/nix/store/ynbxbsbi3byjzxd24g987vbz86bpf2ip-rustfmt-1.92.0.drv",
      "description": "Tool for formatting Rust code according to style guidelines",
      "install_id": "rustfmt",
      "license": "[ MIT, Apache-2.0 ]",
      "locked_url": "https://github.com/flox/nixpkgs?rev=00c21e4c93d963c50d4c0c89bfa84ed6e0694df2",
      "name": "rustfmt-1.92.0",
      "pname": "rustfmt",
      "rev": "00c21e4c93d963c50d4c0c89bfa84ed6e0694df2",
      "rev_count": 940249,
      "rev_date": "2026-02-04T09:32:58Z",
      "scrape_date": "2026-02-06T05:07:19.116220Z",
      "stabilities": [
        "staging",
        "unstable"
      ],
      "unfree": false,
      "version": "1.92.0",
      "outputs_to_install": [
        "out"
      ],
      "outputs": {
        "out": "/nix/store/vq6cxhd7iv2g444imys9wkmwqz3ffqbc-rustfmt-1.92.0"
      },
      "system": "aarch64-linux",
      "group": "toplevel",
      "priority": 5
    },
    {
      "attr_path": "rustfmt",
      "broken": false,
      "derivation": "/nix/store/8zs4i0m5m2bp9yvpw0hihhri3g5zk45i-rustfmt-1.92.0.drv",
      "description": "Tool for formatting Rust code according to style guidelines",
      "install_id": "rustfmt",
      "license": "[ MIT, Apache-2.0 ]",
      "locked_url": "https://github.com/flox/nixpkgs?rev=00c21e4c93d963c50d4c0c89bfa84ed6e0694df2",
      "name": "rustfmt-1.92.0",
      "pname": "rustfmt",
      "rev": "00c21e4c93d963c50d4c0c89bfa84ed6e0694df2",
      "rev_count": 940249,
      "rev_date": "2026-02-04T09:32:58Z",
      "scrape_date": "2026-02-06T05:34:59.562152Z",
      "stabilities": [
        "staging",
        "unstable"
      ],
      "unfree": false,
      "version": "1.92.0",
      "outputs_to_install": [
        "out"
      ],
      "outputs": {
        "out": "/nix/store/dnjwscz1r33dkmikx3ms58qmhr60db9i-rustfmt-1.92.0"
      },
      "system": "x86_64-darwin",
      "group": "toplevel",
      "priority": 5
    },
    {
      "attr_path": "rustfmt",
      "broken": false,
      "derivation": "/nix/store/y9j3y5l6303n7vw930ymwa86bq2na72x-rustfmt-1.92.0.drv",
      "description": "Tool for formatting Rust code according to style guidelines",
      "install_id": "rustfmt",
      "license": "[ MIT, Apache-2.0 ]",
      "locked_url": "https://github.com/flox/nixpkgs?rev=00c21e4c93d963c50d4c0c89bfa84ed6e0694df2",
      "name": "rustfmt-1.92.0",
      "pname": "rustfmt",
      "rev": "00c21e4c93d963c50d4c0c89bfa84ed6e0694df2",
      "rev_count": 940249,
      "rev_date": "2026-02-04T09:32:58Z",
      "scrape_date": "2026-02-06T06:07:49.665407Z",
      "stabilities": [
        "staging",
        "unstable"
      ],
      "unfree": false,
      "version": "1.92.0",
      "outputs_to_install": [
        "out"
      ],
      "outputs": {
        "out": "/nix/store/gl4y2v4lwiyllh85z712w8ajydia053l-rustfmt-1.92.0"
      },
      "system": "x86_64-linux",
      "group": "toplevel",
      "priority": 5
    },
    {
      "attr_path": "uv",
      "broken": false,
      "derivation": "/nix/store/v9837hla896n3pjv9hmx3ii4sk30p0r9-uv-0.9.28.drv",
      "description": "Extremely fast Python package installer and resolver, written in Rust",
      "install_id": "uv",
      "license": "[ Apache-2.0, MIT ]",
      "locked_url": "https://github.com/flox/nixpkgs?rev=00c21e4c93d963c50d4c0c89bfa84ed6e0694df2",
      "name": "uv-0.9.28",
      "pname": "uv",
      "rev": "00c21e4c93d963c50d4c0c89bfa84ed6e0694df2",
      "rev_count": 940249,
      "rev_date": "2026-02-04T09:32:58Z",
      "scrape_date": "2026-02-06T04:38:13.753987Z",
      "stabilities": [
        "staging",
        "unstable"
      ],
      "unfree": false,
      "version": "0.9.28",
      "outputs_to_install": [
        "out"
      ],
      "outputs": {
        "out": "/nix/store/rnci0wgac6r47gr09bhb6x5fyc507i43-uv-0.9.28"
      },
      "system": "aarch64-darwin",
      "group": "toplevel",
      "priority": 5
    },
    {
      "attr_path": "uv",
      "broken": false,
      "derivation": "/nix/store/dlp3p1pzksliq0pli84ff5ifbvh13211-uv-0.9.28.drv",
      "description": "Extremely fast Python package installer and resolver, written in Rust",
      "install_id": "uv",
      "license": "[ Apache-2.0, MIT ]",
      "locked_url": "https://github.com/flox/nixpkgs?rev=00c21e4c93d963c50d4c0c89bfa84ed6e0694df2",
      "name": "uv-0.9.28",
      "pname": "uv",
      "rev": "00c21e4c93d963c50d4c0c89bfa84ed6e0694df2",
      "rev_count": 940249,
      "rev_date": "2026-02-04T09:32:58Z",
      "scrape_date": "2026-02-06T05:08:27.505844Z",
      "stabilities": [
        "staging",
        "unstable"
      ],
      "unfree": false,
      "version": "0.9.28",
      "outputs_to_install": [
        "out"
      ],
      "outputs": {
        "out": "/nix/store/r6g6avldk8dlj30dmk2p2971akkmw9h3-uv-0.9.28"
      },
      "system": "aarch64-linux",
      "group": "toplevel",
      "priority": 5
    },
    {
      "attr_path": "uv",
      "broken": false,
      "derivation": "/nix/store/1dxxxb7ia28b4fcvn00vvc2xmal3kamm-uv-0.9.28.drv",
      "description": "Extremely fast Python package installer and resolver, written in Rust",
      "install_id": "uv",
      "license": "[ Apache-2.0, MIT ]",
      "locked_url": "https://github.com/flox/nixpkgs?rev=00c21e4c93d963c50d4c0c89bfa84ed6e0694df2",
      "name": "uv-0.9.28",
      "pname": "uv",
      "rev": "00c21e4c93d963c50d4c0c89bfa84ed6e0694df2",
      "rev_count": 940249,
      "rev_date": "2026-02-04T09:32:58Z",
      "scrape_date": "2026-02-06T05:35:52.717277Z",
      "stabilities": [
        "staging",
        "unstable"
      ],
      "unfree": false,
      "version": "0.9.28",
      "outputs_to_install": [
        "out"
      ],
      "outputs": {
        "out": "/nix/store/vrzvbvds4vvj5989w838m562vavqzd4w-uv-0.9.28"
      },
      "system": "x86_64-darwin",
      "group": "toplevel",
      "priority": 5
    },
    {
      "attr_path": "uv",
      "broken": false,
      "derivation": "/nix/store/b88x7x44g3gj9mfw2ql683lfcxqjil95-uv-0.9.28.drv",
      "description": "Extremely fast Python package installer and resolver, written in Rust",
      "install_id": "uv",
      "license": "[ Apache-2.0, MIT ]",
      "locked_url": "https://github.com/flox/nixpkgs?rev=00c21e4c93d963c50d4c0c89bfa84ed6e0694df2",
      "name": "uv-0.9.28",
      "pname": "uv",
      "rev": "00c21e4c93d963c50d4c0c89bfa84ed6e0694df2",
      "rev_count": 940249,
      "rev_date": "2026-02-04T09:32:58Z",
      "scrape_date": "2026-02-06T06:09:00.313627Z",
      "stabilities": [
        "staging",
        "unstable"
      ],
      "unfree": false,
      "version": "0.9.28",
      "outputs_to_install": [
        "out"
      ],
      "outputs": {
        "out": "/nix/store/jddcqyx0099mynb7gxr0dd66hkpqqs2r-uv-0.9.28"
      },
      "system": "x86_64-linux",
      "group": "toplevel",
      "priority": 5
    }
  ]
}